
Microsoft Visual Studio Solution File, Format Version 12.00
# Visual Studio Version 17
VisualStudioVersion = 17.3.32811.315
MinimumVisualStudioVersion = 10.0.40219.1
Project("{FAE04EC0-301F-11D3-BF4B-00C04F79EFBC}") = "Metody05", "Metody05.csproj", "{B336165A-E960-41A1-9C1C-EFCC884D4F19}"
EndProject
Global
	GlobalSection(SolutionConfigurationPlatforms) = preSolution
		Debug|Any CPU = Debug|Any CPU
		Release|Any CPU = Release|Any CPU
	EndGlobalSection
	GlobalSection(ProjectConfigurationPlatforms) = postSolution
		{B336165A-E960-41A1-9C1C-EFCC884D4F19}.Debug|Any CPU.ActiveCfg = Debug|Any CPU
		{B336165A-E960-41A1-9C1C-EFCC884D4F19}.Debug|Any CPU.Build.0 = Debug|Any CPU
		{B336165A-E960-41A1-9C1C-EFCC884D4F19}.Release|Any CPU.ActiveCfg = Release|Any CPU
		{B336165A-E960-41A1-9C1C-EFCC884D4F19}.Release|Any CPU.Build.0 = Release|Any CPU
	EndGlobalSection
	GlobalSection(SolutionProperties) = preSolution
		HideSolutionNode = FALSE
	EndGlobalSection
	GlobalSection(ExtensibilityGlobals) = postSolution
		SolutionGuid = {7EE183A5-8BAD-4A00-8D09-8E6010CF21F1}
	EndGlobalSection
EndGlobal
